
Microsoft Visual Studio Solution File, Format Version 12.00
# Visual Studio Version 16
VisualStudioVersion = 16.0.30413.136
MinimumVisualStudioVersion = 10.0.40219.1
Project("{9A19103F-16F7-4668-BE54-9A1E7A4F7556}") = "SuffleTheArray", "SuffleTheArray\SuffleTheArray.csproj", "{6EBF29B2-6DB8-4F3E-96AF-2A3A97255488}"
EndProject
Project("{9A19103F-16F7-4668-BE54-9A1E7A4F7556}") = "SearchInsertPosition", "SearchInsertPosition\SearchInsertPosition.csproj", "{3C6F8CD2-6475-4BF5-B1DF-B80C7088FEAE}"
EndProject
Project("{9A19103F-16F7-4668-BE54-9A1E7A4F7556}") = "KidsWithTheGreatestNumberOfCandies", "KidsWithTheGreatestNumberOfCandies\KidsWithTheGreatestNumberOfCandies.csproj", "{771EAE20-4A86-4B64-9FDC-018E955368C0}"
EndProject
Project("{FAE04EC0-301F-11D3-BF4B-00C04F79EFBC}") = "ArrangingCoins", "ArrangingCoins\ArrangingCoins.csproj", "{D4DDA74A-6CCB-45A4-BF21-6272AB28023E}"
EndProject
Global
	GlobalSection(SolutionConfigurationPlatforms) = preSolution
		Debug|Any CPU = Debug|Any CPU
		Release|Any CPU = Release|Any CPU
	EndGlobalSection
	GlobalSection(ProjectConfigurationPlatforms) = postSolution
		{6EBF29B2-6DB8-4F3E-96AF-2A3A97255488}.Debug|Any CPU.ActiveCfg = Debug|Any CPU
		{6EBF29B2-6DB8-4F3E-96AF-2A3A97255488}.Debug|Any CPU.Build.0 = Debug|Any CPU
		{6EBF29B2-6DB8-4F3E-96AF-2A3A97255488}.Release|Any CPU.ActiveCfg = Release|Any CPU
		{6EBF29B2-6DB8-4F3E-96AF-2A3A97255488}.Release|Any CPU.Build.0 = Release|Any CPU
		{3C6F8CD2-6475-4BF5-B1DF-B80C7088FEAE}.Debug|Any CPU.ActiveCfg = Debug|Any CPU
		{3C6F8CD2-6475-4BF5-B1DF-B80C7088FEAE}.Debug|Any CPU.Build.0 = Debug|Any CPU
		{3C6F8CD2-6475-4BF5-B1DF-B80C7088FEAE}.Release|Any CPU.ActiveCfg = Release|Any CPU
		{3C6F8CD2-6475-4BF5-B1DF-B80C7088FEAE}.Release|Any CPU.Build.0 = Release|Any CPU
		{771EAE20-4A86-4B64-9FDC-018E955368C0}.Debug|Any CPU.ActiveCfg = Debug|Any CPU
		{771EAE20-4A86-4B64-9FDC-018E955368C0}.Debug|Any CPU.Build.0 = Debug|Any CPU
		{771EAE20-4A86-4B64-9FDC-018E955368C0}.Release|Any CPU.ActiveCfg = Release|Any CPU
		{771EAE20-4A86-4B64-9FDC-018E955368C0}.Release|Any CPU.Build.0 = Release|Any CPU
		{D4DDA74A-6CCB-45A4-BF21-6272AB28023E}.Debug|Any CPU.ActiveCfg = Debug|Any CPU
		{D4DDA74A-6CCB-45A4-BF21-6272AB28023E}.Debug|Any CPU.Build.0 = Debug|Any CPU
		{D4DDA74A-6CCB-45A4-BF21-6272AB28023E}.Release|Any CPU.ActiveCfg = Release|Any CPU
		{D4DDA74A-6CCB-45A4-BF21-6272AB28023E}.Release|Any CPU.Build.0 = Release|Any CPU
	EndGlobalSection
	GlobalSection(SolutionProperties) = preSolution
		HideSolutionNode = FALSE
	EndGlobalSection
	GlobalSection(ExtensibilityGlobals) = postSolution
		SolutionGuid = {17E2BE28-B739-44CA-8280-C2A71271A000}
	EndGlobalSection
EndGlobal
